
Microsoft Visual Studio Solution File, Format Version 12.00
# Visual Studio Version 16
VisualStudioVersion = 16.0.33927.289
MinimumVisualStudioVersion = 10.0.40219.1
Project("{2150E333-8FDC-42A3-9474-1A3956D46DE8}") = "Task0", "Task0", "{B40ED446-633B-4D64-BACA-4378F195052E}"
EndProject
Project("{FAE04EC0-301F-11D3-BF4B-00C04F79EFBC}") = "Tyuiu.SheludkovAA.Sprint5.Task0.V23.Test", "Tyuiu.SheludkovAA.Sprint5.Task0.V23.Test\Tyuiu.SheludkovAA.Sprint5.Task0.V23.Test.csproj", "{1DEFDF76-8BCC-40A0-86AB-C5055CBAC688}"
EndProject
Project("{FAE04EC0-301F-11D3-BF4B-00C04F79EFBC}") = "Tyuiu.SheludkovAA.Sprint5.Task0.V23.Lib", "Tyuiu.SheludkovAA.Sprint5.Task0.V23.Lib\Tyuiu.SheludkovAA.Sprint5.Task0.V23.Lib.csproj", "{B062B972-992A-48CF-9295-D41FA761086D}"
EndProject
Project("{FAE04EC0-301F-11D3-BF4B-00C04F79EFBC}") = "Tyuiu.SheludkovAA.Sprint5.Task0.V23", "Tyuiu.SheludkovAA.Sprint5.Task0.V23\Tyuiu.SheludkovAA.Sprint5.Task0.V23.csproj", "{287DDEB5-5D68-460A-BF0D-DEE144547F59}"
EndProject
Global
	GlobalSection(SolutionConfigurationPlatforms) = preSolution
		Debug|Any CPU = Debug|Any CPU
		Release|Any CPU = Release|Any CPU
	EndGlobalSection
	GlobalSection(ProjectConfigurationPlatforms) = postSolution
		{1DEFDF76-8BCC-40A0-86AB-C5055CBAC688}.Debug|Any CPU.ActiveCfg = Debug|Any CPU
		{1DEFDF76-8BCC-40A0-86AB-C5055CBAC688}.Debug|Any CPU.Build.0 = Debug|Any CPU
		{1DEFDF76-8BCC-40A0-86AB-C5055CBAC688}.Release|Any CPU.ActiveCfg = Release|Any CPU
		{1DEFDF76-8BCC-40A0-86AB-C5055CBAC688}.Release|Any CPU.Build.0 = Release|Any CPU
		{B062B972-992A-48CF-9295-D41FA761086D}.Debug|Any CPU.ActiveCfg = Debug|Any CPU
		{B062B972-992A-48CF-9295-D41FA761086D}.Debug|Any CPU.Build.0 = Debug|Any CPU
		{B062B972-992A-48CF-9295-D41FA761086D}.Release|Any CPU.ActiveCfg = Release|Any CPU
		{B062B972-992A-48CF-9295-D41FA761086D}.Release|Any CPU.Build.0 = Release|Any CPU
		{287DDEB5-5D68-460A-BF0D-DEE144547F59}.Debug|Any CPU.ActiveCfg = Debug|Any CPU
		{287DDEB5-5D68-460A-BF0D-DEE144547F59}.Debug|Any CPU.Build.0 = Debug|Any CPU
		{287DDEB5-5D68-460A-BF0D-DEE144547F59}.Release|Any CPU.ActiveCfg = Release|Any CPU
		{287DDEB5-5D68-460A-BF0D-DEE144547F59}.Release|Any CPU.Build.0 = Release|Any CPU
	EndGlobalSection
	GlobalSection(SolutionProperties) = preSolution
		HideSolutionNode = FALSE
	EndGlobalSection
	GlobalSection(NestedProjects) = preSolution
		{1DEFDF76-8BCC-40A0-86AB-C5055CBAC688} = {B40ED446-633B-4D64-BACA-4378F195052E}
		{B062B972-992A-48CF-9295-D41FA761086D} = {B40ED446-633B-4D64-BACA-4378F195052E}
		{287DDEB5-5D68-460A-BF0D-DEE144547F59} = {B40ED446-633B-4D64-BACA-4378F195052E}
	EndGlobalSection
	GlobalSection(ExtensibilityGlobals) = postSolution
		SolutionGuid = {3656A629-FEB9-49A7-B649-FC00C39EDEA2}
	EndGlobalSection
EndGlobal
