
Microsoft Visual Studio Solution File, Format Version 12.00
# Visual Studio Version 16
VisualStudioVersion = 16.0.33927.289
MinimumVisualStudioVersion = 10.0.40219.1
Project("{2150E333-8FDC-42A3-9474-1A3956D46DE8}") = "Task0", "Task0", "{B40ED446-633B-4D64-BACA-4378F195052E}"
EndProject
Project("{FAE04EC0-301F-11D3-BF4B-00C04F79EFBC}") = "Tyuiu.SheludkovAA.Sprint5.Task0.V23.Test", "Tyuiu.SheludkovAA.Sprint5.Task0.V23.Test\Tyuiu.SheludkovAA.Sprint5.Task0.V23.Test.csproj", "{1DEFDF76-8BCC-40A0-86AB-C5055CBAC688}"
EndProject
Project("{FAE04EC0-301F-11D3-BF4B-00C04F79EFBC}") = "Tyuiu.SheludkovAA.Sprint5.Task0.V23.Lib", "Tyuiu.SheludkovAA.Sprint5.Task0.V23.Lib\Tyuiu.SheludkovAA.Sprint5.Task0.V23.Lib.csproj", "{B062B972-992A-48CF-9295-D41FA761086D}"
EndProject
Project("{FAE04EC0-301F-11D3-BF4B-00C04F79EFBC}") = "Tyuiu.SheludkovAA.Sprint5.Task0.V23", "Tyuiu.SheludkovAA.Sprint5.Task0.V23\Tyuiu.SheludkovAA.Sprint5.Task0.V23.csproj", "{287DDEB5-5D68-460A-BF0D-DEE144547F59}"
EndProject
Project("{2150E333-8FDC-42A3-9474-1A3956D46DE8}") = "Task1", "Task1", "{7EF08AA1-84ED-4943-8BF9-171A2E947DDA}"
EndProject
Project("{FAE04EC0-301F-11D3-BF4B-00C04F79EFBC}") = "Tyuiu.SheludkovAA.Sprint5.Task1.V21.Test", "Tyuiu.SheludkovAA.Sprint5.Task1.V21.Test\Tyuiu.SheludkovAA.Sprint5.Task1.V21.Test.csproj", "{F0B6180E-1903-4C87-ACCF-AD0B4064574D}"
EndProject
Project("{FAE04EC0-301F-11D3-BF4B-00C04F79EFBC}") = "Tyuiu.SheludkovAA.Sprint5.Task1.V21.Lib", "Tyuiu.SheludkovAA.Sprint5.Task1.V21.Lib\Tyuiu.SheludkovAA.Sprint5.Task1.V21.Lib.csproj", "{134A1A01-425F-4943-B7DD-8DDCF640C2DE}"
EndProject
Project("{FAE04EC0-301F-11D3-BF4B-00C04F79EFBC}") = "Tyuiu.SheludkovAA.Sprint5.Task1.V21", "Tyuiu.SheludkovAA.Sprint5.Task1.V21\Tyuiu.SheludkovAA.Sprint5.Task1.V21.csproj", "{C3BFFA59-40CB-4CA0-8A4E-98CCDE7CF3E2}"
EndProject
Project("{2150E333-8FDC-42A3-9474-1A3956D46DE8}") = "Task2", "Task2", "{C7BA04EC-767B-419F-BFB3-A321C99A9B1A}"
EndProject
Project("{FAE04EC0-301F-11D3-BF4B-00C04F79EFBC}") = "Tyuiu.SheludkovAA.Sprint5.Task2.V8.Test", "Tyuiu.SheludkovAA.Sprint5.Task2.V8.Test\Tyuiu.SheludkovAA.Sprint5.Task2.V8.Test.csproj", "{5DCF1450-1570-40FE-8CE6-53AE930BFB51}"
EndProject
Project("{FAE04EC0-301F-11D3-BF4B-00C04F79EFBC}") = "Tyuiu.SheludkovAA.Sprint5.Task2.V8.Lib", "Tyuiu.SheludkovAA.Sprint5.Task2.V8.Lib\Tyuiu.SheludkovAA.Sprint5.Task2.V8.Lib.csproj", "{05F4B388-CE43-45FD-ACE8-32D1CB463349}"
EndProject
Project("{FAE04EC0-301F-11D3-BF4B-00C04F79EFBC}") = "Tyuiu.SheludkovAA.Sprint5.Task2.V8", "Tyuiu.SheludkovAA.Sprint5.Task2.V8\Tyuiu.SheludkovAA.Sprint5.Task2.V8.csproj", "{67C115F5-02A0-47D6-998B-DCA0F515D160}"
EndProject
Global
	GlobalSection(SolutionConfigurationPlatforms) = preSolution
		Debug|Any CPU = Debug|Any CPU
		Release|Any CPU = Release|Any CPU
	EndGlobalSection
	GlobalSection(ProjectConfigurationPlatforms) = postSolution
		{1DEFDF76-8BCC-40A0-86AB-C5055CBAC688}.Debug|Any CPU.ActiveCfg = Debug|Any CPU
		{1DEFDF76-8BCC-40A0-86AB-C5055CBAC688}.Debug|Any CPU.Build.0 = Debug|Any CPU
		{1DEFDF76-8BCC-40A0-86AB-C5055CBAC688}.Release|Any CPU.ActiveCfg = Release|Any CPU
		{1DEFDF76-8BCC-40A0-86AB-C5055CBAC688}.Release|Any CPU.Build.0 = Release|Any CPU
		{B062B972-992A-48CF-9295-D41FA761086D}.Debug|Any CPU.ActiveCfg = Debug|Any CPU
		{B062B972-992A-48CF-9295-D41FA761086D}.Debug|Any CPU.Build.0 = Debug|Any CPU
		{B062B972-992A-48CF-9295-D41FA761086D}.Release|Any CPU.ActiveCfg = Release|Any CPU
		{B062B972-992A-48CF-9295-D41FA761086D}.Release|Any CPU.Build.0 = Release|Any CPU
		{287DDEB5-5D68-460A-BF0D-DEE144547F59}.Debug|Any CPU.ActiveCfg = Debug|Any CPU
		{287DDEB5-5D68-460A-BF0D-DEE144547F59}.Debug|Any CPU.Build.0 = Debug|Any CPU
		{287DDEB5-5D68-460A-BF0D-DEE144547F59}.Release|Any CPU.ActiveCfg = Release|Any CPU
		{287DDEB5-5D68-460A-BF0D-DEE144547F59}.Release|Any CPU.Build.0 = Release|Any CPU
		{F0B6180E-1903-4C87-ACCF-AD0B4064574D}.Debug|Any CPU.ActiveCfg = Debug|Any CPU
		{F0B6180E-1903-4C87-ACCF-AD0B4064574D}.Debug|Any CPU.Build.0 = Debug|Any CPU
		{F0B6180E-1903-4C87-ACCF-AD0B4064574D}.Release|Any CPU.ActiveCfg = Release|Any CPU
		{F0B6180E-1903-4C87-ACCF-AD0B4064574D}.Release|Any CPU.Build.0 = Release|Any CPU
		{134A1A01-425F-4943-B7DD-8DDCF640C2DE}.Debug|Any CPU.ActiveCfg = Debug|Any CPU
		{134A1A01-425F-4943-B7DD-8DDCF640C2DE}.Debug|Any CPU.Build.0 = Debug|Any CPU
		{134A1A01-425F-4943-B7DD-8DDCF640C2DE}.Release|Any CPU.ActiveCfg = Release|Any CPU
		{134A1A01-425F-4943-B7DD-8DDCF640C2DE}.Release|Any CPU.Build.0 = Release|Any CPU
		{C3BFFA59-40CB-4CA0-8A4E-98CCDE7CF3E2}.Debug|Any CPU.ActiveCfg = Debug|Any CPU
		{C3BFFA59-40CB-4CA0-8A4E-98CCDE7CF3E2}.Debug|Any CPU.Build.0 = Debug|Any CPU
		{C3BFFA59-40CB-4CA0-8A4E-98CCDE7CF3E2}.Release|Any CPU.ActiveCfg = Release|Any CPU
		{C3BFFA59-40CB-4CA0-8A4E-98CCDE7CF3E2}.Release|Any CPU.Build.0 = Release|Any CPU
		{5DCF1450-1570-40FE-8CE6-53AE930BFB51}.Debug|Any CPU.ActiveCfg = Debug|Any CPU
		{5DCF1450-1570-40FE-8CE6-53AE930BFB51}.Debug|Any CPU.Build.0 = Debug|Any CPU
		{5DCF1450-1570-40FE-8CE6-53AE930BFB51}.Release|Any CPU.ActiveCfg = Release|Any CPU
		{5DCF1450-1570-40FE-8CE6-53AE930BFB51}.Release|Any CPU.Build.0 = Release|Any CPU
		{05F4B388-CE43-45FD-ACE8-32D1CB463349}.Debug|Any CPU.ActiveCfg = Debug|Any CPU
		{05F4B388-CE43-45FD-ACE8-32D1CB463349}.Debug|Any CPU.Build.0 = Debug|Any CPU
		{05F4B388-CE43-45FD-ACE8-32D1CB463349}.Release|Any CPU.ActiveCfg = Release|Any CPU
		{05F4B388-CE43-45FD-ACE8-32D1CB463349}.Release|Any CPU.Build.0 = Release|Any CPU
		{67C115F5-02A0-47D6-998B-DCA0F515D160}.Debug|Any CPU.ActiveCfg = Debug|Any CPU
		{67C115F5-02A0-47D6-998B-DCA0F515D160}.Debug|Any CPU.Build.0 = Debug|Any CPU
		{67C115F5-02A0-47D6-998B-DCA0F515D160}.Release|Any CPU.ActiveCfg = Release|Any CPU
		{67C115F5-02A0-47D6-998B-DCA0F515D160}.Release|Any CPU.Build.0 = Release|Any CPU
	EndGlobalSection
	GlobalSection(SolutionProperties) = preSolution
		HideSolutionNode = FALSE
	EndGlobalSection
	GlobalSection(NestedProjects) = preSolution
		{1DEFDF76-8BCC-40A0-86AB-C5055CBAC688} = {B40ED446-633B-4D64-BACA-4378F195052E}
		{B062B972-992A-48CF-9295-D41FA761086D} = {B40ED446-633B-4D64-BACA-4378F195052E}
		{287DDEB5-5D68-460A-BF0D-DEE144547F59} = {B40ED446-633B-4D64-BACA-4378F195052E}
		{F0B6180E-1903-4C87-ACCF-AD0B4064574D} = {7EF08AA1-84ED-4943-8BF9-171A2E947DDA}
		{134A1A01-425F-4943-B7DD-8DDCF640C2DE} = {7EF08AA1-84ED-4943-8BF9-171A2E947DDA}
		{C3BFFA59-40CB-4CA0-8A4E-98CCDE7CF3E2} = {7EF08AA1-84ED-4943-8BF9-171A2E947DDA}
		{5DCF1450-1570-40FE-8CE6-53AE930BFB51} = {C7BA04EC-767B-419F-BFB3-A321C99A9B1A}
		{05F4B388-CE43-45FD-ACE8-32D1CB463349} = {C7BA04EC-767B-419F-BFB3-A321C99A9B1A}
		{67C115F5-02A0-47D6-998B-DCA0F515D160} = {C7BA04EC-767B-419F-BFB3-A321C99A9B1A}
	EndGlobalSection
	GlobalSection(ExtensibilityGlobals) = postSolution
		SolutionGuid = {3656A629-FEB9-49A7-B649-FC00C39EDEA2}
	EndGlobalSection
EndGlobal
